
Microsoft Visual Studio Solution File, Format Version 12.00
# Visual Studio Version 17
VisualStudioVersion = 17.13.35913.81 d17.13
MinimumVisualStudioVersion = 10.0.40219.1
Project("{FAE04EC0-301F-11D3-BF4B-00C04F79EFBC}") = "UserControl_Sample", "UserControl_Sample\UserControl_Sample.csproj", "{179589A6-7A59-4F87-9751-DF7BD99A73B4}"
EndProject
Global
	GlobalSection(SolutionConfigurationPlatforms) = preSolution
		Debug|Any CPU = Debug|Any CPU
		Release|Any CPU = Release|Any CPU
	EndGlobalSection
	GlobalSection(ProjectConfigurationPlatforms) = postSolution
		{179589A6-7A59-4F87-9751-DF7BD99A73B4}.Debug|Any CPU.ActiveCfg = Debug|Any CPU
		{179589A6-7A59-4F87-9751-DF7BD99A73B4}.Debug|Any CPU.Build.0 = Debug|Any CPU
		{179589A6-7A59-4F87-9751-DF7BD99A73B4}.Release|Any CPU.ActiveCfg = Release|Any CPU
		{179589A6-7A59-4F87-9751-DF7BD99A73B4}.Release|Any CPU.Build.0 = Release|Any CPU
	EndGlobalSection
	GlobalSection(SolutionProperties) = preSolution
		HideSolutionNode = FALSE
	EndGlobalSection
	GlobalSection(ExtensibilityGlobals) = postSolution
		SolutionGuid = {A110FC76-8CAF-49BF-8058-9BB64A2F3855}
	EndGlobalSection
EndGlobal
